
Microsoft Visual Studio Solution File, Format Version 12.00
# Visual Studio Version 17
VisualStudioVersion = 17.11.35303.130
MinimumVisualStudioVersion = 10.0.40219.1
Project("{FAE04EC0-301F-11D3-BF4B-00C04F79EFBC}") = "ProjetoProfªLeticiaExerc01", "ProjetoProfªLeticiaExerc01\ProjetoProfªLeticiaExerc01.csproj", "{7DE5B195-DC00-412A-A9A3-3113FCA1112F}"
EndProject
Global
	GlobalSection(SolutionConfigurationPlatforms) = preSolution
		Debug|Any CPU = Debug|Any CPU
		Release|Any CPU = Release|Any CPU
	EndGlobalSection
	GlobalSection(ProjectConfigurationPlatforms) = postSolution
		{7DE5B195-DC00-412A-A9A3-3113FCA1112F}.Debug|Any CPU.ActiveCfg = Debug|Any CPU
		{7DE5B195-DC00-412A-A9A3-3113FCA1112F}.Debug|Any CPU.Build.0 = Debug|Any CPU
		{7DE5B195-DC00-412A-A9A3-3113FCA1112F}.Release|Any CPU.ActiveCfg = Release|Any CPU
		{7DE5B195-DC00-412A-A9A3-3113FCA1112F}.Release|Any CPU.Build.0 = Release|Any CPU
	EndGlobalSection
	GlobalSection(SolutionProperties) = preSolution
		HideSolutionNode = FALSE
	EndGlobalSection
	GlobalSection(ExtensibilityGlobals) = postSolution
		SolutionGuid = {C79BCA62-29EF-4235-AE06-D23803A8F38A}
	EndGlobalSection
EndGlobal
